
Microsoft Visual Studio Solution File, Format Version 12.00
# Visual Studio Version 17
VisualStudioVersion = 17.0.31903.59
MinimumVisualStudioVersion = 10.0.40219.1
Project("{2150E333-8FDC-42A3-9474-1A3956D46DE8}") = "src", "src", "{827E0CD3-B72D-47B6-A68D-7590B98EB39B}"
EndProject
Project("{FAE04EC0-301F-11D3-BF4B-00C04F79EFBC}") = "Coraza.Core", "src\Coraza.Core\Coraza.Core.csproj", "{A5F277D1-0314-432B-B771-A6CD72B77499}"
EndProject
Project("{FAE04EC0-301F-11D3-BF4B-00C04F79EFBC}") = "Coraza.Data", "src\Coraza.Data\Coraza.Data.csproj", "{5BC49636-E878-425A-808E-DF63C94E195D}"
EndProject
Project("{FAE04EC0-301F-11D3-BF4B-00C04F79EFBC}") = "Coraza.Rendering", "src\Coraza.Rendering\Coraza.Rendering.csproj", "{4E8C0558-4DC6-49E9-89A8-D16AE8D5823A}"
EndProject
Project("{FAE04EC0-301F-11D3-BF4B-00C04F79EFBC}") = "Coraza.Tests", "tests\Coraza.Tests\Coraza.Tests.csproj", "{33B9B1C6-4154-468A-BCDC-8592D3B4A728}"
EndProject
Project("{FAE04EC0-301F-11D3-BF4B-00C04F79EFBC}") = "Coraza.App", "src\Coraza.App\Coraza.App.csproj", "{A6F26060-8AAF-4385-B6F2-AE3335B46852}"
EndProject
Global
	GlobalSection(SolutionConfigurationPlatforms) = preSolution
		Debug|Any CPU = Debug|Any CPU
		Debug|x64 = Debug|x64
		Debug|x86 = Debug|x86
		Release|Any CPU = Release|Any CPU
		Release|x64 = Release|x64
		Release|x86 = Release|x86
	EndGlobalSection
	GlobalSection(ProjectConfigurationPlatforms) = postSolution
		{A5F277D1-0314-432B-B771-A6CD72B77499}.Debug|Any CPU.ActiveCfg = Debug|Any CPU
		{A5F277D1-0314-432B-B771-A6CD72B77499}.Debug|Any CPU.Build.0 = Debug|Any CPU
		{A5F277D1-0314-432B-B771-A6CD72B77499}.Debug|x64.ActiveCfg = Debug|Any CPU
		{A5F277D1-0314-432B-B771-A6CD72B77499}.Debug|x64.Build.0 = Debug|Any CPU
		{A5F277D1-0314-432B-B771-A6CD72B77499}.Debug|x86.ActiveCfg = Debug|Any CPU
		{A5F277D1-0314-432B-B771-A6CD72B77499}.Debug|x86.Build.0 = Debug|Any CPU
		{A5F277D1-0314-432B-B771-A6CD72B77499}.Release|Any CPU.ActiveCfg = Release|Any CPU
		{A5F277D1-0314-432B-B771-A6CD72B77499}.Release|Any CPU.Build.0 = Release|Any CPU
		{A5F277D1-0314-432B-B771-A6CD72B77499}.Release|x64.ActiveCfg = Release|Any CPU
		{A5F277D1-0314-432B-B771-A6CD72B77499}.Release|x64.Build.0 = Release|Any CPU
		{A5F277D1-0314-432B-B771-A6CD72B77499}.Release|x86.ActiveCfg = Release|Any CPU
		{A5F277D1-0314-432B-B771-A6CD72B77499}.Release|x86.Build.0 = Release|Any CPU
		{5BC49636-E878-425A-808E-DF63C94E195D}.Debug|Any CPU.ActiveCfg = Debug|Any CPU
		{5BC49636-E878-425A-808E-DF63C94E195D}.Debug|Any CPU.Build.0 = Debug|Any CPU
		{5BC49636-E878-425A-808E-DF63C94E195D}.Debug|x64.ActiveCfg = Debug|Any CPU
		{5BC49636-E878-425A-808E-DF63C94E195D}.Debug|x64.Build.0 = Debug|Any CPU
		{5BC49636-E878-425A-808E-DF63C94E195D}.Debug|x86.ActiveCfg = Debug|Any CPU
		{5BC49636-E878-425A-808E-DF63C94E195D}.Debug|x86.Build.0 = Debug|Any CPU
		{5BC49636-E878-425A-808E-DF63C94E195D}.Release|Any CPU.ActiveCfg = Release|Any CPU
		{5BC49636-E878-425A-808E-DF63C94E195D}.Release|Any CPU.Build.0 = Release|Any CPU
		{5BC49636-E878-425A-808E-DF63C94E195D}.Release|x64.ActiveCfg = Release|Any CPU
		{5BC49636-E878-425A-808E-DF63C94E195D}.Release|x64.Build.0 = Release|Any CPU
		{5BC49636-E878-425A-808E-DF63C94E195D}.Release|x86.ActiveCfg = Release|Any CPU
		{5BC49636-E878-425A-808E-DF63C94E195D}.Release|x86.Build.0 = Release|Any CPU
		{4E8C0558-4DC6-49E9-89A8-D16AE8D5823A}.Debug|Any CPU.ActiveCfg = Debug|Any CPU
		{4E8C0558-4DC6-49E9-89A8-D16AE8D5823A}.Debug|Any CPU.Build.0 = Debug|Any CPU
		{4E8C0558-4DC6-49E9-89A8-D16AE8D5823A}.Debug|x64.ActiveCfg = Debug|Any CPU
		{4E8C0558-4DC6-49E9-89A8-D16AE8D5823A}.Debug|x64.Build.0 = Debug|Any CPU
		{4E8C0558-4DC6-49E9-89A8-D16AE8D5823A}.Debug|x86.ActiveCfg = Debug|Any CPU
		{4E8C0558-4DC6-49E9-89A8-D16AE8D5823A}.Debug|x86.Build.0 = Debug|Any CPU
		{4E8C0558-4DC6-49E9-89A8-D16AE8D5823A}.Release|Any CPU.ActiveCfg = Release|Any CPU
		{4E8C0558-4DC6-49E9-89A8-D16AE8D5823A}.Release|Any CPU.Build.0 = Release|Any CPU
		{4E8C0558-4DC6-49E9-89A8-D16AE8D5823A}.Release|x64.ActiveCfg = Release|Any CPU
		{4E8C0558-4DC6-49E9-89A8-D16AE8D5823A}.Release|x64.Build.0 = Release|Any CPU
		{4E8C0558-4DC6-49E9-89A8-D16AE8D5823A}.Release|x86.ActiveCfg = Release|Any CPU
		{4E8C0558-4DC6-49E9-89A8-D16AE8D5823A}.Release|x86.Build.0 = Release|Any CPU
		{33B9B1C6-4154-468A-BCDC-8592D3B4A728}.Debug|Any CPU.ActiveCfg = Debug|Any CPU
		{33B9B1C6-4154-468A-BCDC-8592D3B4A728}.Debug|Any CPU.Build.0 = Debug|Any CPU
		{33B9B1C6-4154-468A-BCDC-8592D3B4A728}.Debug|x64.ActiveCfg = Debug|Any CPU
		{33B9B1C6-4154-468A-BCDC-8592D3B4A728}.Debug|x64.Build.0 = Debug|Any CPU
		{33B9B1C6-4154-468A-BCDC-8592D3B4A728}.Debug|x86.ActiveCfg = Debug|Any CPU
		{33B9B1C6-4154-468A-BCDC-8592D3B4A728}.Debug|x86.Build.0 = Debug|Any CPU
		{33B9B1C6-4154-468A-BCDC-8592D3B4A728}.Release|Any CPU.ActiveCfg = Release|Any CPU
		{33B9B1C6-4154-468A-BCDC-8592D3B4A728}.Release|Any CPU.Build.0 = Release|Any CPU
		{33B9B1C6-4154-468A-BCDC-8592D3B4A728}.Release|x64.ActiveCfg = Release|Any CPU
		{33B9B1C6-4154-468A-BCDC-8592D3B4A728}.Release|x64.Build.0 = Release|Any CPU
		{33B9B1C6-4154-468A-BCDC-8592D3B4A728}.Release|x86.ActiveCfg = Release|Any CPU
		{33B9B1C6-4154-468A-BCDC-8592D3B4A728}.Release|x86.Build.0 = Release|Any CPU
		{A6F26060-8AAF-4385-B6F2-AE3335B46852}.Debug|Any CPU.ActiveCfg = Debug|Any CPU
		{A6F26060-8AAF-4385-B6F2-AE3335B46852}.Debug|Any CPU.Build.0 = Debug|Any CPU
		{A6F26060-8AAF-4385-B6F2-AE3335B46852}.Debug|x64.ActiveCfg = Debug|Any CPU
		{A6F26060-8AAF-4385-B6F2-AE3335B46852}.Debug|x64.Build.0 = Debug|Any CPU
		{A6F26060-8AAF-4385-B6F2-AE3335B46852}.Debug|x86.ActiveCfg = Debug|Any CPU
		{A6F26060-8AAF-4385-B6F2-AE3335B46852}.Debug|x86.Build.0 = Debug|Any CPU
		{A6F26060-8AAF-4385-B6F2-AE3335B46852}.Release|Any CPU.ActiveCfg = Release|Any CPU
		{A6F26060-8AAF-4385-B6F2-AE3335B46852}.Release|Any CPU.Build.0 = Release|Any CPU
		{A6F26060-8AAF-4385-B6F2-AE3335B46852}.Release|x64.ActiveCfg = Release|Any CPU
		{A6F26060-8AAF-4385-B6F2-AE3335B46852}.Release|x64.Build.0 = Release|Any CPU
		{A6F26060-8AAF-4385-B6F2-AE3335B46852}.Release|x86.ActiveCfg = Release|Any CPU
		{A6F26060-8AAF-4385-B6F2-AE3335B46852}.Release|x86.Build.0 = Release|Any CPU
	EndGlobalSection
	GlobalSection(SolutionProperties) = preSolution
		HideSolutionNode = FALSE
	EndGlobalSection
	GlobalSection(NestedProjects) = preSolution
		{A5F277D1-0314-432B-B771-A6CD72B77499} = {827E0CD3-B72D-47B6-A68D-7590B98EB39B}
		{5BC49636-E878-425A-808E-DF63C94E195D} = {827E0CD3-B72D-47B6-A68D-7590B98EB39B}
		{4E8C0558-4DC6-49E9-89A8-D16AE8D5823A} = {827E0CD3-B72D-47B6-A68D-7590B98EB39B}
		{33B9B1C6-4154-468A-BCDC-8592D3B4A728} = {827E0CD3-B72D-47B6-A68D-7590B98EB39B}
		{A6F26060-8AAF-4385-B6F2-AE3335B46852} = {827E0CD3-B72D-47B6-A68D-7590B98EB39B}
	EndGlobalSection
EndGlobal
